
Microsoft Visual Studio Solution File, Format Version 12.00
# Visual Studio 2012
Project("{8BC9CEB8-8B4A-11D0-8D11-00A0C91BC942}") = "ArenaExploration", "ArenaExploration.vcxproj", "{17CE021B-C77A-4D0F-A057-A607FEFBFE83}"
EndProject
Project("{FAE04EC0-301F-11D3-BF4B-00C04F79EFBC}") = "ArenaSimulator", "..\ArenaSimulator\ArenaSimulator.csproj", "{D96FEA09-ADB3-481E-88DC-6C256EFA3688}"
EndProject
Project("{8BC9CEB8-8B4A-11D0-8D11-00A0C91BC942}") = "CppWrapper", "..\CppWrapper\CppWrapper.vcxproj", "{1B4541A7-18EB-4E92-8CF7-153D6C173B88}"
EndProject
Global
	GlobalSection(SolutionConfigurationPlatforms) = preSolution
		Debug|Any CPU = Debug|Any CPU
		Debug|Mixed Platforms = Debug|Mixed Platforms
		Debug|Win32 = Debug|Win32
		Release|Any CPU = Release|Any CPU
		Release|Mixed Platforms = Release|Mixed Platforms
		Release|Win32 = Release|Win32
	EndGlobalSection
	GlobalSection(ProjectConfigurationPlatforms) = postSolution
		{17CE021B-C77A-4D0F-A057-A607FEFBFE83}.Debug|Any CPU.ActiveCfg = Debug|Win32
		{17CE021B-C77A-4D0F-A057-A607FEFBFE83}.Debug|Mixed Platforms.ActiveCfg = Debug|Win32
		{17CE021B-C77A-4D0F-A057-A607FEFBFE83}.Debug|Mixed Platforms.Build.0 = Debug|Win32
		{17CE021B-C77A-4D0F-A057-A607FEFBFE83}.Debug|Win32.ActiveCfg = Debug|Win32
		{17CE021B-C77A-4D0F-A057-A607FEFBFE83}.Debug|Win32.Build.0 = Debug|Win32
		{17CE021B-C77A-4D0F-A057-A607FEFBFE83}.Release|Any CPU.ActiveCfg = Release|Win32
		{17CE021B-C77A-4D0F-A057-A607FEFBFE83}.Release|Mixed Platforms.ActiveCfg = Release|Win32
		{17CE021B-C77A-4D0F-A057-A607FEFBFE83}.Release|Mixed Platforms.Build.0 = Release|Win32
		{17CE021B-C77A-4D0F-A057-A607FEFBFE83}.Release|Win32.ActiveCfg = Release|Win32
		{17CE021B-C77A-4D0F-A057-A607FEFBFE83}.Release|Win32.Build.0 = Release|Win32
		{D96FEA09-ADB3-481E-88DC-6C256EFA3688}.Debug|Any CPU.ActiveCfg = Debug|Any CPU
		{D96FEA09-ADB3-481E-88DC-6C256EFA3688}.Debug|Any CPU.Build.0 = Debug|Any CPU
		{D96FEA09-ADB3-481E-88DC-6C256EFA3688}.Debug|Mixed Platforms.ActiveCfg = Debug|Any CPU
		{D96FEA09-ADB3-481E-88DC-6C256EFA3688}.Debug|Mixed Platforms.Build.0 = Debug|Any CPU
		{D96FEA09-ADB3-481E-88DC-6C256EFA3688}.Debug|Win32.ActiveCfg = Debug|Any CPU
		{D96FEA09-ADB3-481E-88DC-6C256EFA3688}.Release|Any CPU.ActiveCfg = Release|Any CPU
		{D96FEA09-ADB3-481E-88DC-6C256EFA3688}.Release|Any CPU.Build.0 = Release|Any CPU
		{D96FEA09-ADB3-481E-88DC-6C256EFA3688}.Release|Mixed Platforms.ActiveCfg = Release|Any CPU
		{D96FEA09-ADB3-481E-88DC-6C256EFA3688}.Release|Mixed Platforms.Build.0 = Release|Any CPU
		{D96FEA09-ADB3-481E-88DC-6C256EFA3688}.Release|Win32.ActiveCfg = Release|Any CPU
		{1B4541A7-18EB-4E92-8CF7-153D6C173B88}.Debug|Any CPU.ActiveCfg = Debug|Win32
		{1B4541A7-18EB-4E92-8CF7-153D6C173B88}.Debug|Mixed Platforms.ActiveCfg = Debug|Win32
		{1B4541A7-18EB-4E92-8CF7-153D6C173B88}.Debug|Mixed Platforms.Build.0 = Debug|Win32
		{1B4541A7-18EB-4E92-8CF7-153D6C173B88}.Debug|Win32.ActiveCfg = Debug|Win32
		{1B4541A7-18EB-4E92-8CF7-153D6C173B88}.Debug|Win32.Build.0 = Debug|Win32
		{1B4541A7-18EB-4E92-8CF7-153D6C173B88}.Release|Any CPU.ActiveCfg = Release|Win32
		{1B4541A7-18EB-4E92-8CF7-153D6C173B88}.Release|Mixed Platforms.ActiveCfg = Release|Win32
		{1B4541A7-18EB-4E92-8CF7-153D6C173B88}.Release|Mixed Platforms.Build.0 = Release|Win32
		{1B4541A7-18EB-4E92-8CF7-153D6C173B88}.Release|Win32.ActiveCfg = Release|Win32
		{1B4541A7-18EB-4E92-8CF7-153D6C173B88}.Release|Win32.Build.0 = Release|Win32
	EndGlobalSection
	GlobalSection(SolutionProperties) = preSolution
		HideSolutionNode = FALSE
	EndGlobalSection
EndGlobal
